// !$*UTF8*$!
{
	archiveVersion = 1;
	classes = {
	};
	objectVersion = 46;
	objects = {

/* Begin PBXBuildFile section */
		775D04A61E87C1AE00C93DE0 /* AppDelegate.swift in Sources */ = {isa = PBXBuildFile; fileRef = 775D04981E87C1AE00C93DE0 /* AppDelegate.swift */; };
		775D04A71E87C1AE00C93DE0 /* OpenWeatherMap.swift in Sources */ = {isa = PBXBuildFile; fileRef = 775D049A1E87C1AE00C93DE0 /* OpenWeatherMap.swift */; };
		775D04A81E87C1AE00C93DE0 /* Assets.xcassets in Resources */ = {isa = PBXBuildFile; fileRef = 775D049C1E87C1AE00C93DE0 /* Assets.xcassets */; };
		775D04A91E87C1AE00C93DE0 /* Info.plist in Resources */ = {isa = PBXBuildFile; fileRef = 775D049D1E87C1AE00C93DE0 /* Info.plist */; };
		775D04AA1E87C1AE00C93DE0 /* LaunchScreen.storyboard in Resources */ = {isa = PBXBuildFile; fileRef = 775D049F1E87C1AE00C93DE0 /* LaunchScreen.storyboard */; };
		775D04AB1E87C1AE00C93DE0 /* Main.storyboard in Resources */ = {isa = PBXBuildFile; fileRef = 775D04A11E87C1AE00C93DE0 /* Main.storyboard */; };
		775D04AC1E87C1AE00C93DE0 /* ViewController.swift in Sources */ = {isa = PBXBuildFile; fileRef = 775D04A51E87C1AE00C93DE0 /* ViewController.swift */; };
		775D04AE1E87C22F00C93DE0 /* Constants.swift in Sources */ = {isa = PBXBuildFile; fileRef = 775D04AD1E87C22F00C93DE0 /* Constants.swift */; };
/* End PBXBuildFile section */

/* Begin PBXFileReference section */
		62C121C31E1E99690013A055 /* Pogodka.app */ = {isa = PBXFileReference; explicitFileType = wrapper.application; includeInIndex = 0; path = Pogodka.app; sourceTree = BUILT_PRODUCTS_DIR; };
		775D04981E87C1AE00C93DE0 /* AppDelegate.swift */ = {isa = PBXFileReference; fileEncoding = 4; lastKnownFileType = sourcecode.swift; path = AppDelegate.swift; sourceTree = "<group>"; };
		775D049A1E87C1AE00C93DE0 /* OpenWeatherMap.swift */ = {isa = PBXFileReference; fileEncoding = 4; lastKnownFileType = sourcecode.swift; path = OpenWeatherMap.swift; sourceTree = "<group>"; };
		775D049C1E87C1AE00C93DE0 /* Assets.xcassets */ = {isa = PBXFileReference; lastKnownFileType = folder.assetcatalog; path = Assets.xcassets; sourceTree = "<group>"; };
		775D049D1E87C1AE00C93DE0 /* Info.plist */ = {isa = PBXFileReference; fileEncoding = 4; lastKnownFileType = text.plist.xml; path = Info.plist; sourceTree = "<group>"; };
		775D04A01E87C1AE00C93DE0 /* Base */ = {isa = PBXFileReference; lastKnownFileType = file.storyboard; name = Base; path = Base.lproj/LaunchScreen.storyboard; sourceTree = "<group>"; };
		775D04A21E87C1AE00C93DE0 /* Base */ = {isa = PBXFileReference; lastKnownFileType = file.storyboard; name = Base; path = Base.lproj/Main.storyboard; sourceTree = "<group>"; };
		775D04A51E87C1AE00C93DE0 /* ViewController.swift */ = {isa = PBXFileReference; fileEncoding = 4; lastKnownFileType = sourcecode.swift; path = ViewController.swift; sourceTree = "<group>"; };
		775D04AD1E87C22F00C93DE0 /* Constants.swift */ = {isa = PBXFileReference; fileEncoding = 4; lastKnownFileType = sourcecode.swift; path = Constants.swift; sourceTree = "<group>"; };
/* End PBXFileReference section */

/* Begin PBXFrameworksBuildPhase section */
		62C121C01E1E99690013A055 /* Frameworks */ = {
			isa = PBXFrameworksBuildPhase;
			buildActionMask = 2147483647;
			files = (
			);
			runOnlyForDeploymentPostprocessing = 0;
		};
/* End PBXFrameworksBuildPhase section */

/* Begin PBXGroup section */
		62C121BA1E1E99690013A055 = {
			isa = PBXGroup;
			children = (
				62C121C51E1E99690013A055 /* Pogodka */,
				62C121C41E1E99690013A055 /* Products */,
			);
			sourceTree = "<group>";
		};
		62C121C41E1E99690013A055 /* Products */ = {
			isa = PBXGroup;
			children = (
				62C121C31E1E99690013A055 /* Pogodka.app */,
			);
			name = Products;
			sourceTree = "<group>";
		};
		62C121C51E1E99690013A055 /* Pogodka */ = {
			isa = PBXGroup;
			children = (
				775D04971E87C1AE00C93DE0 /* Logic */,
				775D04991E87C1AE00C93DE0 /* Model */,
				775D049B1E87C1AE00C93DE0 /* Resources */,
				775D049E1E87C1AE00C93DE0 /* Storyboards */,
				775D04A31E87C1AE00C93DE0 /* ViewControllers */,
			);
			path = Pogodka;
			sourceTree = "<group>";
		};
		775D04971E87C1AE00C93DE0 /* Logic */ = {
			isa = PBXGroup;
			children = (
				775D04981E87C1AE00C93DE0 /* AppDelegate.swift */,
				775D04AD1E87C22F00C93DE0 /* Constants.swift */,
			);
			path = Logic;
			sourceTree = "<group>";
		};
		775D04991E87C1AE00C93DE0 /* Model */ = {
			isa = PBXGroup;
			children = (
				775D049A1E87C1AE00C93DE0 /* OpenWeatherMap.swift */,
			);
			path = Model;
			sourceTree = "<group>";
		};
		775D049B1E87C1AE00C93DE0 /* Resources */ = {
			isa = PBXGroup;
			children = (
				775D049C1E87C1AE00C93DE0 /* Assets.xcassets */,
				775D049D1E87C1AE00C93DE0 /* Info.plist */,
			);
			path = Resources;
			sourceTree = "<group>";
		};
		775D049E1E87C1AE00C93DE0 /* Storyboards */ = {
			isa = PBXGroup;
			children = (
				775D049F1E87C1AE00C93DE0 /* LaunchScreen.storyboard */,
				775D04A11E87C1AE00C93DE0 /* Main.storyboard */,
			);
			path = Storyboards;
			sourceTree = "<group>";
		};
		775D04A31E87C1AE00C93DE0 /* ViewControllers */ = {
			isa = PBXGroup;
			children = (
				775D04A41E87C1AE00C93DE0 /* ViewController */,
			);
			path = ViewControllers;
			sourceTree = "<group>";
		};
		775D04A41E87C1AE00C93DE0 /* ViewController */ = {
			isa = PBXGroup;
			children = (
				775D04A51E87C1AE00C93DE0 /* ViewController.swift */,
			);
			path = ViewController;
			sourceTree = "<group>";
		};
/* End PBXGroup section */

/* Begin PBXNativeTarget section */
		62C121C21E1E99690013A055 /* Pogodka */ = {
			isa = PBXNativeTarget;
			buildConfigurationList = 62C121D51E1E99690013A055 /* Build configuration list for PBXNativeTarget "Pogodka" */;
			buildPhases = (
				62C121BF1E1E99690013A055 /* Sources */,
				62C121C01E1E99690013A055 /* Frameworks */,
				62C121C11E1E99690013A055 /* Resources */,
			);
			buildRules = (
			);
			dependencies = (
			);
			name = Pogodka;
			productName = Pogodka;
			productReference = 62C121C31E1E99690013A055 /* Pogodka.app */;
			productType = "com.apple.product-type.application";
		};
/* End PBXNativeTarget section */

/* Begin PBXProject section */
		62C121BB1E1E99690013A055 /* Project object */ = {
			isa = PBXProject;
			attributes = {
				LastSwiftUpdateCheck = 0820;
				LastUpgradeCheck = 0820;
				ORGANIZATIONNAME = Steelkiwi;
				TargetAttributes = {
					62C121C21E1E99690013A055 = {
						CreatedOnToolsVersion = 8.2;
						DevelopmentTeam = 26X7LWMZ8N;
						ProvisioningStyle = Automatic;
					};
				};
			};
			buildConfigurationList = 62C121BE1E1E99690013A055 /* Build configuration list for PBXProject "Pogodka" */;
			compatibilityVersion = "Xcode 3.2";
			developmentRegion = English;
			hasScannedForEncodings = 0;
			knownRegions = (
				en,
				Base,
			);
			mainGroup = 62C121BA1E1E99690013A055;
			productRefGroup = 62C121C41E1E99690013A055 /* Products */;
			projectDirPath = "";
			projectRoot = "";
			targets = (
				62C121C21E1E99690013A055 /* Pogodka */,
			);
		};
/* End PBXProject section */

/* Begin PBXResourcesBuildPhase section */
		62C121C11E1E99690013A055 /* Resources */ = {
			isa = PBXResourcesBuildPhase;
			buildActionMask = 2147483647;
			files = (
				775D04AB1E87C1AE00C93DE0 /* Main.storyboard in Resources */,
				775D04A81E87C1AE00C93DE0 /* Assets.xcassets in Resources */,
				775D04AA1E87C1AE00C93DE0 /* LaunchScreen.storyboard in Resources */,
				775D04A91E87C1AE00C93DE0 /* Info.plist in Resources */,
			);
			runOnlyForDeploymentPostprocessing = 0;
		};
/* End PBXResourcesBuildPhase section */

/* Begin PBXSourcesBuildPhase section */
		62C121BF1E1E99690013A055 /* Sources */ = {
			isa = PBXSourcesBuildPhase;
			buildActionMask = 2147483647;
			files = (
				775D04AC1E87C1AE00C93DE0 /* ViewController.swift in Sources */,
				775D04A71E87C1AE00C93DE0 /* OpenWeatherMap.swift in Sources */,
				775D04A61E87C1AE00C93DE0 /* AppDelegate.swift in Sources */,
				775D04AE1E87C22F00C93DE0 /* Constants.swift in Sources */,
			);
			runOnlyForDeploymentPostprocessing = 0;
		};
/* End PBXSourcesBuildPhase section */

/* Begin PBXVariantGroup section */
		775D049F1E87C1AE00C93DE0 /* LaunchScreen.storyboard */ = {
			isa = PBXVariantGroup;
			children = (
				775D04A01E87C1AE00C93DE0 /* Base */,
			);
			name = LaunchScreen.storyboard;
			sourceTree = "<group>";
		};
		775D04A11E87C1AE00C93DE0 /* Main.storyboard */ = {
			isa = PBXVariantGroup;
			children = (
				775D04A21E87C1AE00C93DE0 /* Base */,
			);
			name = Main.storyboard;
			sourceTree = "<group>";
		};
/* End PBXVariantGroup section */

/* Begin XCBuildConfiguration section */
		62C121D31E1E99690013A055 /* Debug */ = {
			isa = XCBuildConfiguration;
			buildSettings = {
				ALWAYS_SEARCH_USER_PATHS = NO;
				CLANG_ANALYZER_NONNULL = YES;
				CLANG_CXX_LANGUAGE_STANDARD = "gnu++0x";
				CLANG_CXX_LIBRARY = "libc++";
				CLANG_ENABLE_MODULES = YES;
				CLANG_ENABLE_OBJC_ARC = YES;
				CLANG_WARN_BOOL_CONVERSION = YES;
				CLANG_WARN_CONSTANT_CONVERSION = YES;
				CLANG_WARN_DIRECT_OBJC_ISA_USAGE = YES_ERROR;
				CLANG_WARN_DOCUMENTATION_COMMENTS = YES;
				CLANG_WARN_EMPTY_BODY = YES;
				CLANG_WARN_ENUM_CONVERSION = YES;
				CLANG_WARN_INFINITE_RECURSION = YES;
				CLANG_WARN_INT_CONVERSION = YES;
				CLANG_WARN_OBJC_ROOT_CLASS = YES_ERROR;
				CLANG_WARN_SUSPICIOUS_MOVE = YES;
				CLANG_WARN_UNREACHABLE_CODE = YES;
				CLANG_WARN__DUPLICATE_METHOD_MATCH = YES;
				"CODE_SIGN_IDENTITY[sdk=iphoneos*]" = "iPhone Developer";
				COPY_PHASE_STRIP = NO;
				DEBUG_INFORMATION_FORMAT = dwarf;
				ENABLE_STRICT_OBJC_MSGSEND = YES;
				ENABLE_TESTABILITY = YES;
				GCC_C_LANGUAGE_STANDARD = gnu99;
				GCC_DYNAMIC_NO_PIC = NO;
				GCC_NO_COMMON_BLOCKS = YES;
				GCC_OPTIMIZATION_LEVEL = 0;
				GCC_PREPROCESSOR_DEFINITIONS = (
					"DEBUG=1",
					"$(inherited)",
				);
				GCC_WARN_64_TO_32_BIT_CONVERSION = YES;
				GCC_WARN_ABOUT_RETURN_TYPE = YES_ERROR;
				GCC_WARN_UNDECLARED_SELECTOR = YES;
				GCC_WARN_UNINITIALIZED_AUTOS = YES_AGGRESSIVE;
				GCC_WARN_UNUSED_FUNCTION = YES;
				GCC_WARN_UNUSED_VARIABLE = YES;
				IPHONEOS_DEPLOYMENT_TARGET = 10.2;
				MTL_ENABLE_DEBUG_INFO = YES;
				ONLY_ACTIVE_ARCH = YES;
				SDKROOT = iphoneos;
				SWIFT_ACTIVE_COMPILATION_CONDITIONS = DEBUG;
				SWIFT_OPTIMIZATION_LEVEL = "-Onone";
				TARGETED_DEVICE_FAMILY = "1,2";
			};
			name = Debug;
		};
		62C121D41E1E99690013A055 /* Release */ = {
			isa = XCBuildConfiguration;
			buildSettings = {
				ALWAYS_SEARCH_USER_PATHS = NO;
				CLANG_ANALYZER_NONNULL = YES;
				CLANG_CXX_LANGUAGE_STANDARD = "gnu++0x";
				CLANG_CXX_LIBRARY = "libc++";
				CLANG_ENABLE_MODULES = YES;
				CLANG_ENABLE_OBJC_ARC = YES;
				CLANG_WARN_BOOL_CONVERSION = YES;
				CLANG_WARN_CONSTANT_CONVERSION = YES;
				CLANG_WARN_DIRECT_OBJC_ISA_USAGE = YES_ERROR;
				CLANG_WARN_DOCUMENTATION_COMMENTS = YES;
				CLANG_WARN_EMPTY_BODY = YES;
				CLANG_WARN_ENUM_CONVERSION = YES;
				CLANG_WARN_INFINITE_RECURSION = YES;
				CLANG_WARN_INT_CONVERSION = YES;
				CLANG_WARN_OBJC_ROOT_CLASS = YES_ERROR;
				CLANG_WARN_SUSPICIOUS_MOVE = YES;
				CLANG_WARN_UNREACHABLE_CODE = YES;
				CLANG_WARN__DUPLICATE_METHOD_MATCH = YES;
				"CODE_SIGN_IDENTITY[sdk=iphoneos*]" = "iPhone Developer";
				COPY_PHASE_STRIP = NO;
				DEBUG_INFORMATION_FORMAT = "dwarf-with-dsym";
				ENABLE_NS_ASSERTIONS = NO;
				ENABLE_STRICT_OBJC_MSGSEND = YES;
				GCC_C_LANGUAGE_STANDARD = gnu99;
				GCC_NO_COMMON_BLOCKS = YES;
				GCC_WARN_64_TO_32_BIT_CONVERSION = YES;
				GCC_WARN_ABOUT_RETURN_TYPE = YES_ERROR;
				GCC_WARN_UNDECLARED_SELECTOR = YES;
				GCC_WARN_UNINITIALIZED_AUTOS = YES_AGGRESSIVE;
				GCC_WARN_UNUSED_FUNCTION = YES;
				GCC_WARN_UNUSED_VARIABLE = YES;
				IPHONEOS_DEPLOYMENT_TARGET = 10.2;
				MTL_ENABLE_DEBUG_INFO = NO;
				SDKROOT = iphoneos;
				SWIFT_OPTIMIZATION_LEVEL = "-Owholemodule";
				TARGETED_DEVICE_FAMILY = "1,2";
				VALIDATE_PRODUCT = YES;
			};
			name = Release;
		};
		62C121D61E1E99690013A055 /* Debug */ = {
			isa = XCBuildConfiguration;
			buildSettings = {
				ASSETCATALOG_COMPILER_APPICON_NAME = AppIcon;
				DEVELOPMENT_TEAM = 26X7LWMZ8N;
				INFOPLIST_FILE = Pogodka/Resources/Info.plist;
				IPHONEOS_DEPLOYMENT_TARGET = 9.3;
				LD_RUNPATH_SEARCH_PATHS = "$(inherited) @executable_path/Frameworks";
				PRODUCT_BUNDLE_IDENTIFIER = skd.Pogodka;
				PRODUCT_NAME = "$(TARGET_NAME)";
				SWIFT_VERSION = 3.0;
				TARGETED_DEVICE_FAMILY = 1;
			};
			name = Debug;
		};
		62C121D71E1E99690013A055 /* Release */ = {
			isa = XCBuildConfiguration;
			buildSettings = {
				ASSETCATALOG_COMPILER_APPICON_NAME = AppIcon;
				DEVELOPMENT_TEAM = 26X7LWMZ8N;
				INFOPLIST_FILE = Pogodka/Resources/Info.plist;
				IPHONEOS_DEPLOYMENT_TARGET = 9.3;
				LD_RUNPATH_SEARCH_PATHS = "$(inherited) @executable_path/Frameworks";
				PRODUCT_BUNDLE_IDENTIFIER = skd.Pogodka;
				PRODUCT_NAME = "$(TARGET_NAME)";
				SWIFT_VERSION = 3.0;
				TARGETED_DEVICE_FAMILY = 1;
			};
			name = Release;
		};
/* End XCBuildConfiguration section */

/* Begin XCConfigurationList section */
		62C121BE1E1E99690013A055 /* Build configuration list for PBXProject "Pogodka" */ = {
			isa = XCConfigurationList;
			buildConfigurations = (
				62C121D31E1E99690013A055 /* Debug */,
				62C121D41E1E99690013A055 /* Release */,
			);
			defaultConfigurationIsVisible = 0;
			defaultConfigurationName = Release;
		};
		62C121D51E1E99690013A055 /* Build configuration list for PBXNativeTarget "Pogodka" */ = {
			isa = XCConfigurationList;
			buildConfigurations = (
				62C121D61E1E99690013A055 /* Debug */,
				62C121D71E1E99690013A055 /* Release */,
			);
			defaultConfigurationIsVisible = 0;
			defaultConfigurationName = Release;
		};
/* End XCConfigurationList section */
	};
	rootObject = 62C121BB1E1E99690013A055 /* Project object */;
}
